{
  "name": "js-demo",
  "version": "1.0.0",
  "lockfileVersion": 1,
  "requires": true,
  "dependencies": {
    "crypto-js": {
      "version": "4.1.1",
      "resolved": "https://npmjs.dykt123.com/crypto-js/-/crypto-js-4.1.1.tgz",
      "integrity": "sha512-o2JlM7ydqd3Qk9CA0L4NL6mTzU2sdx96a+oOfPu8Mkl/PK51vSyoi8/rQ8NknZtk44vq15lmhAj9CIAGwgeWKw=="
    },
    "random_chinese_fantasy_names": {
      "version": "0.1.17",
      "resolved": "https://npmjs.dykt123.com/random_chinese_fantasy_names/-/random_chinese_fantasy_names-0.1.17.tgz",
      "integrity": "sha512-fCOvAUwNjCxJ+gtY0TYbHQeY2tXsYbgX3HI4rbVlFWf+eS9JgONT1TKkfM8IQHNJco7KO0RRq9IJCegpoKYc3w=="
    }
  }
}
